
Microsoft Visual Studio Solution File, Format Version 12.00
# Visual Studio 15
VisualStudioVersion = 15.0.27428.2015
MinimumVisualStudioVersion = 10.0.40219.1
Project("{FAE04EC0-301F-11D3-BF4B-00C04F79EFBC}") = "Youtube video analytics", "Youtube video analytics\Youtube video analytics.csproj", "{73745A33-ACA0-4F17-971D-75E3267F1B6C}"
EndProject
Global
	GlobalSection(SolutionConfigurationPlatforms) = preSolution
		Debug|Any CPU = Debug|Any CPU
		Release|Any CPU = Release|Any CPU
	EndGlobalSection
	GlobalSection(ProjectConfigurationPlatforms) = postSolution
		{73745A33-ACA0-4F17-971D-75E3267F1B6C}.Debug|Any CPU.ActiveCfg = Debug|Any CPU
		{73745A33-ACA0-4F17-971D-75E3267F1B6C}.Debug|Any CPU.Build.0 = Debug|Any CPU
		{73745A33-ACA0-4F17-971D-75E3267F1B6C}.Release|Any CPU.ActiveCfg = Release|Any CPU
		{73745A33-ACA0-4F17-971D-75E3267F1B6C}.Release|Any CPU.Build.0 = Release|Any CPU
	EndGlobalSection
	GlobalSection(SolutionProperties) = preSolution
		HideSolutionNode = FALSE
	EndGlobalSection
	GlobalSection(ExtensibilityGlobals) = postSolution
		SolutionGuid = {48981F7C-6FE5-468A-99DD-FAAB2472B192}
	EndGlobalSection
EndGlobal
