
Microsoft Visual Studio Solution File, Format Version 12.00
# Visual Studio 15
VisualStudioVersion = 15.0.27428.2015
MinimumVisualStudioVersion = 10.0.40219.1
Project("{FAE04EC0-301F-11D3-BF4B-00C04F79EFBC}") = "Youtube video analytics", "Youtube video analytics\Youtube video analytics.csproj", "{73745A33-ACA0-4F17-971D-75E3267F1B6C}"
EndProject
Project("{FAE04EC0-301F-11D3-BF4B-00C04F79EFBC}") = "Youtube video analyticsTests", "Youtube video analyticsTests\Youtube video analyticsTests.csproj", "{0BA82BC8-30EE-4821-8C35-808212A8B95B}"
EndProject
Project("{FAE04EC0-301F-11D3-BF4B-00C04F79EFBC}") = "Youtube Video Analytics Tool", "Youtube Video Analytics Tool\Youtube Video Analytics Tool.csproj", "{EDCF45B1-D9A6-404D-9040-4378EC250DAC}"
EndProject
Global
	GlobalSection(SolutionConfigurationPlatforms) = preSolution
		Debug|Any CPU = Debug|Any CPU
		Release|Any CPU = Release|Any CPU
	EndGlobalSection
	GlobalSection(ProjectConfigurationPlatforms) = postSolution
		{73745A33-ACA0-4F17-971D-75E3267F1B6C}.Debug|Any CPU.ActiveCfg = Debug|Any CPU
		{73745A33-ACA0-4F17-971D-75E3267F1B6C}.Debug|Any CPU.Build.0 = Debug|Any CPU
		{73745A33-ACA0-4F17-971D-75E3267F1B6C}.Release|Any CPU.ActiveCfg = Release|Any CPU
		{73745A33-ACA0-4F17-971D-75E3267F1B6C}.Release|Any CPU.Build.0 = Release|Any CPU
		{0BA82BC8-30EE-4821-8C35-808212A8B95B}.Debug|Any CPU.ActiveCfg = Debug|Any CPU
		{0BA82BC8-30EE-4821-8C35-808212A8B95B}.Debug|Any CPU.Build.0 = Debug|Any CPU
		{0BA82BC8-30EE-4821-8C35-808212A8B95B}.Release|Any CPU.ActiveCfg = Release|Any CPU
		{0BA82BC8-30EE-4821-8C35-808212A8B95B}.Release|Any CPU.Build.0 = Release|Any CPU
		{EDCF45B1-D9A6-404D-9040-4378EC250DAC}.Debug|Any CPU.ActiveCfg = Debug|Any CPU
		{EDCF45B1-D9A6-404D-9040-4378EC250DAC}.Debug|Any CPU.Build.0 = Debug|Any CPU
		{EDCF45B1-D9A6-404D-9040-4378EC250DAC}.Release|Any CPU.ActiveCfg = Release|Any CPU
		{EDCF45B1-D9A6-404D-9040-4378EC250DAC}.Release|Any CPU.Build.0 = Release|Any CPU
	EndGlobalSection
	GlobalSection(SolutionProperties) = preSolution
		HideSolutionNode = FALSE
	EndGlobalSection
	GlobalSection(ExtensibilityGlobals) = postSolution
		SolutionGuid = {48981F7C-6FE5-468A-99DD-FAAB2472B192}
	EndGlobalSection
EndGlobal
